
Microsoft Visual Studio Solution File, Format Version 12.00
# Visual Studio Version 17
VisualStudioVersion = 17.3.32901.215
MinimumVisualStudioVersion = 10.0.40219.1
Project("{FAE04EC0-301F-11D3-BF4B-00C04F79EFBC}") = "TestApi", "TestApi\TestApi.csproj", "{8B9A0A98-3D2C-4FC3-A02E-9B15A4284BDB}"
EndProject
Global
	GlobalSection(SolutionConfigurationPlatforms) = preSolution
		Debug|Any CPU = Debug|Any CPU
		Release|Any CPU = Release|Any CPU
	EndGlobalSection
	GlobalSection(ProjectConfigurationPlatforms) = postSolution
		{8B9A0A98-3D2C-4FC3-A02E-9B15A4284BDB}.Debug|Any CPU.ActiveCfg = Debug|Any CPU
		{8B9A0A98-3D2C-4FC3-A02E-9B15A4284BDB}.Debug|Any CPU.Build.0 = Debug|Any CPU
		{8B9A0A98-3D2C-4FC3-A02E-9B15A4284BDB}.Release|Any CPU.ActiveCfg = Release|Any CPU
		{8B9A0A98-3D2C-4FC3-A02E-9B15A4284BDB}.Release|Any CPU.Build.0 = Release|Any CPU
	EndGlobalSection
	GlobalSection(SolutionProperties) = preSolution
		HideSolutionNode = FALSE
	EndGlobalSection
	GlobalSection(ExtensibilityGlobals) = postSolution
		SolutionGuid = {8E8D1198-175D-472B-B1A1-C868CD635D95}
	EndGlobalSection
EndGlobal
